schema: '2.0'
stages:
  data_ingestion:
    cmd: python .\src\data\data_ingestion.py
    deps:
    - path: .\src\data\data_ingestion.py
      hash: md5
      md5: 47c20a0cb9b57d041d601bb57af31403
      size: 3186
    params:
      params.yaml:
        data_ingestion.test_size: 0.1
    outs:
    - path: data\raw
      hash: md5
      md5: baa43b70a6a4c8dac10639c6b987a43a.dir
      size: 827973
      nfiles: 2
  data_preprocessing:
    cmd: python .\src\data\data_preprocessing.py
    deps:
    - path: .\data\raw\
      hash: md5
      md5: baa43b70a6a4c8dac10639c6b987a43a.dir
      size: 827973
      nfiles: 2
    - path: .\src\data\data_preprocessing.py
      hash: md5
      md5: bc247dfa70b08fe250ff856adb36ff4a
      size: 2431
    outs:
    - path: data\processed
      hash: md5
      md5: 26aa532b3a464de861ea14a0d41d4459.dir
      size: 615862
      nfiles: 2
  feature_engineering:
    cmd: python .\src\features\feature_engineering.py
    deps:
    - path: .\data\processed\
      hash: md5
      md5: 26aa532b3a464de861ea14a0d41d4459.dir
      size: 615862
      nfiles: 2
    - path: .\src\features\feature_engineering.py
      hash: md5
      md5: dcbbe2e7d8e41aafb4243c3f46eca2b4
      size: 1441
    params:
      params.yaml:
        feature_engineering.max_features: 100
    outs:
    - path: data\features
      hash: md5
      md5: 060d5167d1b92d05dfce3747d93d2830.dir
      size: 2156168
      nfiles: 2
  model_building:
    cmd: python .\src\models\model_building.py
    deps:
    - path: .\data\features\
      hash: md5
      md5: 060d5167d1b92d05dfce3747d93d2830.dir
      size: 2156168
      nfiles: 2
    - path: .\src\models\model_building.py
      hash: md5
      md5: 2f1fb66b654278a27224ebe9b5383449
      size: 3058
    params:
      params.yaml:
        model_building.learning_rate: 0.1
        model_building.n_estimators: 100
    outs:
    - path: .\models\model.pkl
      hash: md5
      md5: ea8846425877b5d78d2b9dc5d36079e5
      size: 136557
  model_evaluation:
    cmd: python .\src\models\model_evaluation.py
    deps:
    - path: .\models\model.pkl
      hash: md5
      md5: ea8846425877b5d78d2b9dc5d36079e5
      size: 136557
    - path: .\src\models\model_evaluation.py
      hash: md5
      md5: eaac74a146f374bdc520f68bee4b1ce5
      size: 3366
    outs:
    - path: .\reports\metrics.json
      hash: md5
      md5: 90d47622c228c1d1a8f637564f91d80b
      size: 145
